
Microsoft Visual Studio Solution File, Format Version 12.00
# Visual Studio Version 17
VisualStudioVersion = 17.5.33502.453
MinimumVisualStudioVersion = 10.0.40219.1
Project("{FAE04EC0-301F-11D3-BF4B-00C04F79EFBC}") = "combo box", "combo box\combo box.csproj", "{6F888A48-D091-49F2-AE43-90AE7BD2883C}"
EndProject
Global
	GlobalSection(SolutionConfigurationPlatforms) = preSolution
		Debug|Any CPU = Debug|Any CPU
		Release|Any CPU = Release|Any CPU
	EndGlobalSection
	GlobalSection(ProjectConfigurationPlatforms) = postSolution
		{6F888A48-D091-49F2-AE43-90AE7BD2883C}.Debug|Any CPU.ActiveCfg = Debug|Any CPU
		{6F888A48-D091-49F2-AE43-90AE7BD2883C}.Debug|Any CPU.Build.0 = Debug|Any CPU
		{6F888A48-D091-49F2-AE43-90AE7BD2883C}.Release|Any CPU.ActiveCfg = Release|Any CPU
		{6F888A48-D091-49F2-AE43-90AE7BD2883C}.Release|Any CPU.Build.0 = Release|Any CPU
	EndGlobalSection
	GlobalSection(SolutionProperties) = preSolution
		HideSolutionNode = FALSE
	EndGlobalSection
	GlobalSection(ExtensibilityGlobals) = postSolution
		SolutionGuid = {A79A370D-75E8-4499-8F3F-55163AA1758D}
	EndGlobalSection
EndGlobal
