
Microsoft Visual Studio Solution File, Format Version 12.00
# Visual Studio Version 17
VisualStudioVersion = 17.5.33502.453
MinimumVisualStudioVersion = 10.0.40219.1
Project("{FAE04EC0-301F-11D3-BF4B-00C04F79EFBC}") = "ConsoleApp6", "ConsoleApp6\ConsoleApp6.csproj", "{5098D9E3-126C-4DBD-B5D9-0A9DE0DFDC3A}"
EndProject
Global
	GlobalSection(SolutionConfigurationPlatforms) = preSolution
		Debug|Any CPU = Debug|Any CPU
		Release|Any CPU = Release|Any CPU
	EndGlobalSection
	GlobalSection(ProjectConfigurationPlatforms) = postSolution
		{5098D9E3-126C-4DBD-B5D9-0A9DE0DFDC3A}.Debug|Any CPU.ActiveCfg = Debug|Any CPU
		{5098D9E3-126C-4DBD-B5D9-0A9DE0DFDC3A}.Debug|Any CPU.Build.0 = Debug|Any CPU
		{5098D9E3-126C-4DBD-B5D9-0A9DE0DFDC3A}.Release|Any CPU.ActiveCfg = Release|Any CPU
		{5098D9E3-126C-4DBD-B5D9-0A9DE0DFDC3A}.Release|Any CPU.Build.0 = Release|Any CPU
	EndGlobalSection
	GlobalSection(SolutionProperties) = preSolution
		HideSolutionNode = FALSE
	EndGlobalSection
	GlobalSection(ExtensibilityGlobals) = postSolution
		SolutionGuid = {C7D7C9F9-FA39-4042-AA64-7E84B3FEE8B5}
	EndGlobalSection
EndGlobal
