
Microsoft Visual Studio Solution File, Format Version 12.00
# Visual Studio Version 17
VisualStudioVersion = 17.5.33502.453
MinimumVisualStudioVersion = 10.0.40219.1
Project("{FAE04EC0-301F-11D3-BF4B-00C04F79EFBC}") = "productfieldandmethod", "productfieldandmethod\productfieldandmethod.csproj", "{F4335B51-2202-4235-BDE4-8381F8476729}"
EndProject
Global
	GlobalSection(SolutionConfigurationPlatforms) = preSolution
		Debug|Any CPU = Debug|Any CPU
		Release|Any CPU = Release|Any CPU
	EndGlobalSection
	GlobalSection(ProjectConfigurationPlatforms) = postSolution
		{F4335B51-2202-4235-BDE4-8381F8476729}.Debug|Any CPU.ActiveCfg = Debug|Any CPU
		{F4335B51-2202-4235-BDE4-8381F8476729}.Debug|Any CPU.Build.0 = Debug|Any CPU
		{F4335B51-2202-4235-BDE4-8381F8476729}.Release|Any CPU.ActiveCfg = Release|Any CPU
		{F4335B51-2202-4235-BDE4-8381F8476729}.Release|Any CPU.Build.0 = Release|Any CPU
	EndGlobalSection
	GlobalSection(SolutionProperties) = preSolution
		HideSolutionNode = FALSE
	EndGlobalSection
	GlobalSection(ExtensibilityGlobals) = postSolution
		SolutionGuid = {0FB37FBE-43F7-4FCB-8147-CD8020302715}
	EndGlobalSection
EndGlobal
