
Microsoft Visual Studio Solution File, Format Version 12.00
# Visual Studio Version 17
VisualStudioVersion = 17.5.33502.453
MinimumVisualStudioVersion = 10.0.40219.1
Project("{FAE04EC0-301F-11D3-BF4B-00C04F79EFBC}") = "fendhal", "fendhal\fendhal.csproj", "{90989D71-1E73-4C0F-8F79-36763045B6F2}"
EndProject
Global
	GlobalSection(SolutionConfigurationPlatforms) = preSolution
		Debug|Any CPU = Debug|Any CPU
		Release|Any CPU = Release|Any CPU
	EndGlobalSection
	GlobalSection(ProjectConfigurationPlatforms) = postSolution
		{90989D71-1E73-4C0F-8F79-36763045B6F2}.Debug|Any CPU.ActiveCfg = Debug|Any CPU
		{90989D71-1E73-4C0F-8F79-36763045B6F2}.Debug|Any CPU.Build.0 = Debug|Any CPU
		{90989D71-1E73-4C0F-8F79-36763045B6F2}.Release|Any CPU.ActiveCfg = Release|Any CPU
		{90989D71-1E73-4C0F-8F79-36763045B6F2}.Release|Any CPU.Build.0 = Release|Any CPU
	EndGlobalSection
	GlobalSection(SolutionProperties) = preSolution
		HideSolutionNode = FALSE
	EndGlobalSection
	GlobalSection(ExtensibilityGlobals) = postSolution
		SolutionGuid = {0829CE3F-4776-4600-9159-FD91B35E1244}
	EndGlobalSection
EndGlobal
