
Microsoft Visual Studio Solution File, Format Version 12.00
# Visual Studio Version 17
VisualStudioVersion = 17.5.33502.453
MinimumVisualStudioVersion = 10.0.40219.1
Project("{FAE04EC0-301F-11D3-BF4B-00C04F79EFBC}") = "empfieldandmethodparameter", "empfieldandmethodparameter\empfieldandmethodparameter.csproj", "{BCED3A28-3E03-4A37-ABB7-735702C5F58E}"
EndProject
Global
	GlobalSection(SolutionConfigurationPlatforms) = preSolution
		Debug|Any CPU = Debug|Any CPU
		Release|Any CPU = Release|Any CPU
	EndGlobalSection
	GlobalSection(ProjectConfigurationPlatforms) = postSolution
		{BCED3A28-3E03-4A37-ABB7-735702C5F58E}.Debug|Any CPU.ActiveCfg = Debug|Any CPU
		{BCED3A28-3E03-4A37-ABB7-735702C5F58E}.Debug|Any CPU.Build.0 = Debug|Any CPU
		{BCED3A28-3E03-4A37-ABB7-735702C5F58E}.Release|Any CPU.ActiveCfg = Release|Any CPU
		{BCED3A28-3E03-4A37-ABB7-735702C5F58E}.Release|Any CPU.Build.0 = Release|Any CPU
	EndGlobalSection
	GlobalSection(SolutionProperties) = preSolution
		HideSolutionNode = FALSE
	EndGlobalSection
	GlobalSection(ExtensibilityGlobals) = postSolution
		SolutionGuid = {4DEA3AEA-75EB-40AC-9D3C-A00E0090F14E}
	EndGlobalSection
EndGlobal
