
Microsoft Visual Studio Solution File, Format Version 12.00
# Visual Studio Version 17
VisualStudioVersion = 17.5.33502.453
MinimumVisualStudioVersion = 10.0.40219.1
Project("{FAE04EC0-301F-11D3-BF4B-00C04F79EFBC}") = "BODMAS", "BODMAS\BODMAS.csproj", "{CDA09A63-73DD-492B-A19D-EFE606BC3365}"
EndProject
Global
	GlobalSection(SolutionConfigurationPlatforms) = preSolution
		Debug|Any CPU = Debug|Any CPU
		Release|Any CPU = Release|Any CPU
	EndGlobalSection
	GlobalSection(ProjectConfigurationPlatforms) = postSolution
		{CDA09A63-73DD-492B-A19D-EFE606BC3365}.Debug|Any CPU.ActiveCfg = Debug|Any CPU
		{CDA09A63-73DD-492B-A19D-EFE606BC3365}.Debug|Any CPU.Build.0 = Debug|Any CPU
		{CDA09A63-73DD-492B-A19D-EFE606BC3365}.Release|Any CPU.ActiveCfg = Release|Any CPU
		{CDA09A63-73DD-492B-A19D-EFE606BC3365}.Release|Any CPU.Build.0 = Release|Any CPU
	EndGlobalSection
	GlobalSection(SolutionProperties) = preSolution
		HideSolutionNode = FALSE
	EndGlobalSection
	GlobalSection(ExtensibilityGlobals) = postSolution
		SolutionGuid = {69E19815-C76F-4EA9-99E7-9D4B696A40FD}
	EndGlobalSection
EndGlobal
