
Microsoft Visual Studio Solution File, Format Version 12.00
# Visual Studio Version 17
VisualStudioVersion = 17.5.33502.453
MinimumVisualStudioVersion = 10.0.40219.1
Project("{FAE04EC0-301F-11D3-BF4B-00C04F79EFBC}") = "encapsulation2", "encapsulation2\encapsulation2.csproj", "{134638C0-3FAA-4C57-8514-8501F167B62E}"
EndProject
Global
	GlobalSection(SolutionConfigurationPlatforms) = preSolution
		Debug|Any CPU = Debug|Any CPU
		Release|Any CPU = Release|Any CPU
	EndGlobalSection
	GlobalSection(ProjectConfigurationPlatforms) = postSolution
		{134638C0-3FAA-4C57-8514-8501F167B62E}.Debug|Any CPU.ActiveCfg = Debug|Any CPU
		{134638C0-3FAA-4C57-8514-8501F167B62E}.Debug|Any CPU.Build.0 = Debug|Any CPU
		{134638C0-3FAA-4C57-8514-8501F167B62E}.Release|Any CPU.ActiveCfg = Release|Any CPU
		{134638C0-3FAA-4C57-8514-8501F167B62E}.Release|Any CPU.Build.0 = Release|Any CPU
	EndGlobalSection
	GlobalSection(SolutionProperties) = preSolution
		HideSolutionNode = FALSE
	EndGlobalSection
	GlobalSection(ExtensibilityGlobals) = postSolution
		SolutionGuid = {B81D3CD0-2158-4039-8286-74584C3FC6B4}
	EndGlobalSection
EndGlobal
