
Microsoft Visual Studio Solution File, Format Version 12.00
# Visual Studio Version 17
VisualStudioVersion = 17.5.33502.453
MinimumVisualStudioVersion = 10.0.40219.1
Project("{FAE04EC0-301F-11D3-BF4B-00C04F79EFBC}") = "ASPexamples", "ASPexamples\ASPexamples.csproj", "{79E19577-D8D2-48A9-8359-14179EC5BCEB}"
EndProject
Global
	GlobalSection(SolutionConfigurationPlatforms) = preSolution
		Debug|Any CPU = Debug|Any CPU
		Release|Any CPU = Release|Any CPU
	EndGlobalSection
	GlobalSection(ProjectConfigurationPlatforms) = postSolution
		{79E19577-D8D2-48A9-8359-14179EC5BCEB}.Debug|Any CPU.ActiveCfg = Debug|Any CPU
		{79E19577-D8D2-48A9-8359-14179EC5BCEB}.Debug|Any CPU.Build.0 = Debug|Any CPU
		{79E19577-D8D2-48A9-8359-14179EC5BCEB}.Release|Any CPU.ActiveCfg = Release|Any CPU
		{79E19577-D8D2-48A9-8359-14179EC5BCEB}.Release|Any CPU.Build.0 = Release|Any CPU
	EndGlobalSection
	GlobalSection(SolutionProperties) = preSolution
		HideSolutionNode = FALSE
	EndGlobalSection
	GlobalSection(ExtensibilityGlobals) = postSolution
		SolutionGuid = {1F2019FE-F329-45AA-B9F2-28AC53E2F01F}
	EndGlobalSection
EndGlobal
