
Microsoft Visual Studio Solution File, Format Version 12.00
# Visual Studio Version 17
VisualStudioVersion = 17.5.33502.453
MinimumVisualStudioVersion = 10.0.40219.1
Project("{FAE04EC0-301F-11D3-BF4B-00C04F79EFBC}") = "calulatorusingoops", "calulatorusingoops\calulatorusingoops.csproj", "{523BDD55-61F8-4415-B4A1-DF9DEB9CB384}"
EndProject
Global
	GlobalSection(SolutionConfigurationPlatforms) = preSolution
		Debug|Any CPU = Debug|Any CPU
		Release|Any CPU = Release|Any CPU
	EndGlobalSection
	GlobalSection(ProjectConfigurationPlatforms) = postSolution
		{523BDD55-61F8-4415-B4A1-DF9DEB9CB384}.Debug|Any CPU.ActiveCfg = Debug|Any CPU
		{523BDD55-61F8-4415-B4A1-DF9DEB9CB384}.Debug|Any CPU.Build.0 = Debug|Any CPU
		{523BDD55-61F8-4415-B4A1-DF9DEB9CB384}.Release|Any CPU.ActiveCfg = Release|Any CPU
		{523BDD55-61F8-4415-B4A1-DF9DEB9CB384}.Release|Any CPU.Build.0 = Release|Any CPU
	EndGlobalSection
	GlobalSection(SolutionProperties) = preSolution
		HideSolutionNode = FALSE
	EndGlobalSection
	GlobalSection(ExtensibilityGlobals) = postSolution
		SolutionGuid = {BA2E32B0-D299-45EF-BAF3-DE68377E49F4}
	EndGlobalSection
EndGlobal
