
Microsoft Visual Studio Solution File, Format Version 12.00
# Visual Studio Version 17
VisualStudioVersion = 17.5.33502.453
MinimumVisualStudioVersion = 10.0.40219.1
Project("{FAE04EC0-301F-11D3-BF4B-00C04F79EFBC}") = "classcalculator", "classcalculator\classcalculator.csproj", "{364A9240-D865-4AE7-99EA-FCF8466A21F2}"
EndProject
Global
	GlobalSection(SolutionConfigurationPlatforms) = preSolution
		Debug|Any CPU = Debug|Any CPU
		Release|Any CPU = Release|Any CPU
	EndGlobalSection
	GlobalSection(ProjectConfigurationPlatforms) = postSolution
		{364A9240-D865-4AE7-99EA-FCF8466A21F2}.Debug|Any CPU.ActiveCfg = Debug|Any CPU
		{364A9240-D865-4AE7-99EA-FCF8466A21F2}.Debug|Any CPU.Build.0 = Debug|Any CPU
		{364A9240-D865-4AE7-99EA-FCF8466A21F2}.Release|Any CPU.ActiveCfg = Release|Any CPU
		{364A9240-D865-4AE7-99EA-FCF8466A21F2}.Release|Any CPU.Build.0 = Release|Any CPU
	EndGlobalSection
	GlobalSection(SolutionProperties) = preSolution
		HideSolutionNode = FALSE
	EndGlobalSection
	GlobalSection(ExtensibilityGlobals) = postSolution
		SolutionGuid = {BA3923FE-DF74-43EE-971B-89D7097A587A}
	EndGlobalSection
EndGlobal
