
Microsoft Visual Studio Solution File, Format Version 12.00
# Visual Studio Version 17
VisualStudioVersion = 17.5.33502.453
MinimumVisualStudioVersion = 10.0.40219.1
Project("{FAE04EC0-301F-11D3-BF4B-00C04F79EFBC}") = "hosp", "hosp\hosp.csproj", "{E3AB721F-4675-4E17-839B-9066CF9A8F8A}"
EndProject
Global
	GlobalSection(SolutionConfigurationPlatforms) = preSolution
		Debug|Any CPU = Debug|Any CPU
		Release|Any CPU = Release|Any CPU
	EndGlobalSection
	GlobalSection(ProjectConfigurationPlatforms) = postSolution
		{E3AB721F-4675-4E17-839B-9066CF9A8F8A}.Debug|Any CPU.ActiveCfg = Debug|Any CPU
		{E3AB721F-4675-4E17-839B-9066CF9A8F8A}.Debug|Any CPU.Build.0 = Debug|Any CPU
		{E3AB721F-4675-4E17-839B-9066CF9A8F8A}.Release|Any CPU.ActiveCfg = Release|Any CPU
		{E3AB721F-4675-4E17-839B-9066CF9A8F8A}.Release|Any CPU.Build.0 = Release|Any CPU
	EndGlobalSection
	GlobalSection(SolutionProperties) = preSolution
		HideSolutionNode = FALSE
	EndGlobalSection
	GlobalSection(ExtensibilityGlobals) = postSolution
		SolutionGuid = {22F512FF-CAF5-40A1-8F1E-039815A2544D}
	EndGlobalSection
EndGlobal
