
Microsoft Visual Studio Solution File, Format Version 12.00
# Visual Studio Version 17
VisualStudioVersion = 17.5.33502.453
MinimumVisualStudioVersion = 10.0.40219.1
Project("{FAE04EC0-301F-11D3-BF4B-00C04F79EFBC}") = "aspresigster", "aspresigster\aspresigster.csproj", "{D1718502-9778-4C27-8CF4-5015EAFCB4FB}"
EndProject
Global
	GlobalSection(SolutionConfigurationPlatforms) = preSolution
		Debug|Any CPU = Debug|Any CPU
		Release|Any CPU = Release|Any CPU
	EndGlobalSection
	GlobalSection(ProjectConfigurationPlatforms) = postSolution
		{D1718502-9778-4C27-8CF4-5015EAFCB4FB}.Debug|Any CPU.ActiveCfg = Debug|Any CPU
		{D1718502-9778-4C27-8CF4-5015EAFCB4FB}.Debug|Any CPU.Build.0 = Debug|Any CPU
		{D1718502-9778-4C27-8CF4-5015EAFCB4FB}.Release|Any CPU.ActiveCfg = Release|Any CPU
		{D1718502-9778-4C27-8CF4-5015EAFCB4FB}.Release|Any CPU.Build.0 = Release|Any CPU
	EndGlobalSection
	GlobalSection(SolutionProperties) = preSolution
		HideSolutionNode = FALSE
	EndGlobalSection
	GlobalSection(ExtensibilityGlobals) = postSolution
		SolutionGuid = {53C9105D-94CF-4EAF-8A23-CD2D4591754A}
	EndGlobalSection
EndGlobal
