
Microsoft Visual Studio Solution File, Format Version 12.00
# Visual Studio Version 17
VisualStudioVersion = 17.5.33502.453
MinimumVisualStudioVersion = 10.0.40219.1
Project("{FAE04EC0-301F-11D3-BF4B-00C04F79EFBC}") = "aspexample1", "aspexample1\aspexample1.csproj", "{B3706617-B2B0-4CFB-9D8E-5DF059614F83}"
EndProject
Global
	GlobalSection(SolutionConfigurationPlatforms) = preSolution
		Debug|Any CPU = Debug|Any CPU
		Release|Any CPU = Release|Any CPU
	EndGlobalSection
	GlobalSection(ProjectConfigurationPlatforms) = postSolution
		{B3706617-B2B0-4CFB-9D8E-5DF059614F83}.Debug|Any CPU.ActiveCfg = Debug|Any CPU
		{B3706617-B2B0-4CFB-9D8E-5DF059614F83}.Debug|Any CPU.Build.0 = Debug|Any CPU
		{B3706617-B2B0-4CFB-9D8E-5DF059614F83}.Release|Any CPU.ActiveCfg = Release|Any CPU
		{B3706617-B2B0-4CFB-9D8E-5DF059614F83}.Release|Any CPU.Build.0 = Release|Any CPU
	EndGlobalSection
	GlobalSection(SolutionProperties) = preSolution
		HideSolutionNode = FALSE
	EndGlobalSection
	GlobalSection(ExtensibilityGlobals) = postSolution
		SolutionGuid = {EB5D136B-BFA3-4BF9-BF9A-99D4BEB54390}
	EndGlobalSection
EndGlobal
