
Microsoft Visual Studio Solution File, Format Version 12.00
# Visual Studio Version 17
VisualStudioVersion = 17.5.33502.453
MinimumVisualStudioVersion = 10.0.40219.1
Project("{FAE04EC0-301F-11D3-BF4B-00C04F79EFBC}") = "recursionprimenumber", "recursionprimenumber\recursionprimenumber.csproj", "{479A2ED3-9021-4ABF-B730-CA12059B9DBE}"
EndProject
Global
	GlobalSection(SolutionConfigurationPlatforms) = preSolution
		Debug|Any CPU = Debug|Any CPU
		Release|Any CPU = Release|Any CPU
	EndGlobalSection
	GlobalSection(ProjectConfigurationPlatforms) = postSolution
		{479A2ED3-9021-4ABF-B730-CA12059B9DBE}.Debug|Any CPU.ActiveCfg = Debug|Any CPU
		{479A2ED3-9021-4ABF-B730-CA12059B9DBE}.Debug|Any CPU.Build.0 = Debug|Any CPU
		{479A2ED3-9021-4ABF-B730-CA12059B9DBE}.Release|Any CPU.ActiveCfg = Release|Any CPU
		{479A2ED3-9021-4ABF-B730-CA12059B9DBE}.Release|Any CPU.Build.0 = Release|Any CPU
	EndGlobalSection
	GlobalSection(SolutionProperties) = preSolution
		HideSolutionNode = FALSE
	EndGlobalSection
	GlobalSection(ExtensibilityGlobals) = postSolution
		SolutionGuid = {19FE9A43-E3EA-4BF8-A0E1-FAF897A9CC79}
	EndGlobalSection
EndGlobal
