
Microsoft Visual Studio Solution File, Format Version 12.00
# Visual Studio Version 17
VisualStudioVersion = 17.5.33502.453
MinimumVisualStudioVersion = 10.0.40219.1
Project("{FAE04EC0-301F-11D3-BF4B-00C04F79EFBC}") = "ASPVal", "ASPVal\ASPVal.csproj", "{B3D4AC06-B4DE-4A93-8003-B031C7069FE7}"
EndProject
Global
	GlobalSection(SolutionConfigurationPlatforms) = preSolution
		Debug|Any CPU = Debug|Any CPU
		Release|Any CPU = Release|Any CPU
	EndGlobalSection
	GlobalSection(ProjectConfigurationPlatforms) = postSolution
		{B3D4AC06-B4DE-4A93-8003-B031C7069FE7}.Debug|Any CPU.ActiveCfg = Debug|Any CPU
		{B3D4AC06-B4DE-4A93-8003-B031C7069FE7}.Debug|Any CPU.Build.0 = Debug|Any CPU
		{B3D4AC06-B4DE-4A93-8003-B031C7069FE7}.Release|Any CPU.ActiveCfg = Release|Any CPU
		{B3D4AC06-B4DE-4A93-8003-B031C7069FE7}.Release|Any CPU.Build.0 = Release|Any CPU
	EndGlobalSection
	GlobalSection(SolutionProperties) = preSolution
		HideSolutionNode = FALSE
	EndGlobalSection
	GlobalSection(ExtensibilityGlobals) = postSolution
		SolutionGuid = {2023A242-0F2A-4602-AEE5-27946063E309}
	EndGlobalSection
EndGlobal
