
Microsoft Visual Studio Solution File, Format Version 12.00
# Visual Studio Version 17
VisualStudioVersion = 17.5.33502.453
MinimumVisualStudioVersion = 10.0.40219.1
Project("{FAE04EC0-301F-11D3-BF4B-00C04F79EFBC}") = "Car1", "Car1\Car1.csproj", "{123CA7FA-6E14-499C-8A55-37E0A399CF58}"
EndProject
Global
	GlobalSection(SolutionConfigurationPlatforms) = preSolution
		Debug|Any CPU = Debug|Any CPU
		Release|Any CPU = Release|Any CPU
	EndGlobalSection
	GlobalSection(ProjectConfigurationPlatforms) = postSolution
		{123CA7FA-6E14-499C-8A55-37E0A399CF58}.Debug|Any CPU.ActiveCfg = Debug|Any CPU
		{123CA7FA-6E14-499C-8A55-37E0A399CF58}.Debug|Any CPU.Build.0 = Debug|Any CPU
		{123CA7FA-6E14-499C-8A55-37E0A399CF58}.Release|Any CPU.ActiveCfg = Release|Any CPU
		{123CA7FA-6E14-499C-8A55-37E0A399CF58}.Release|Any CPU.Build.0 = Release|Any CPU
	EndGlobalSection
	GlobalSection(SolutionProperties) = preSolution
		HideSolutionNode = FALSE
	EndGlobalSection
	GlobalSection(ExtensibilityGlobals) = postSolution
		SolutionGuid = {4E0A4A0D-4523-49C5-B6F0-FD3B99F20C6F}
	EndGlobalSection
EndGlobal
