
Microsoft Visual Studio Solution File, Format Version 12.00
# Visual Studio Version 17
VisualStudioVersion = 17.6.33815.320
MinimumVisualStudioVersion = 10.0.40219.1
Project("{FAE04EC0-301F-11D3-BF4B-00C04F79EFBC}") = "MultipleModel", "MultipleModel\MultipleModel.csproj", "{B7990A3E-F6AB-4FBD-A80D-081FD1278BB9}"
EndProject
Global
	GlobalSection(SolutionConfigurationPlatforms) = preSolution
		Debug|Any CPU = Debug|Any CPU
		Release|Any CPU = Release|Any CPU
	EndGlobalSection
	GlobalSection(ProjectConfigurationPlatforms) = postSolution
		{B7990A3E-F6AB-4FBD-A80D-081FD1278BB9}.Debug|Any CPU.ActiveCfg = Debug|Any CPU
		{B7990A3E-F6AB-4FBD-A80D-081FD1278BB9}.Debug|Any CPU.Build.0 = Debug|Any CPU
		{B7990A3E-F6AB-4FBD-A80D-081FD1278BB9}.Release|Any CPU.ActiveCfg = Release|Any CPU
		{B7990A3E-F6AB-4FBD-A80D-081FD1278BB9}.Release|Any CPU.Build.0 = Release|Any CPU
	EndGlobalSection
	GlobalSection(SolutionProperties) = preSolution
		HideSolutionNode = FALSE
	EndGlobalSection
	GlobalSection(ExtensibilityGlobals) = postSolution
		SolutionGuid = {B759DA6A-BE0F-4F99-B18C-880040F96641}
	EndGlobalSection
EndGlobal
