
Microsoft Visual Studio Solution File, Format Version 12.00
# Visual Studio Version 17
VisualStudioVersion = 17.5.33502.453
MinimumVisualStudioVersion = 10.0.40219.1
Project("{FAE04EC0-301F-11D3-BF4B-00C04F79EFBC}") = "Constructoremp", "Constructoremp\Constructoremp.csproj", "{F3672909-7FA0-4885-AA22-F776EDDEA136}"
EndProject
Global
	GlobalSection(SolutionConfigurationPlatforms) = preSolution
		Debug|Any CPU = Debug|Any CPU
		Release|Any CPU = Release|Any CPU
	EndGlobalSection
	GlobalSection(ProjectConfigurationPlatforms) = postSolution
		{F3672909-7FA0-4885-AA22-F776EDDEA136}.Debug|Any CPU.ActiveCfg = Debug|Any CPU
		{F3672909-7FA0-4885-AA22-F776EDDEA136}.Debug|Any CPU.Build.0 = Debug|Any CPU
		{F3672909-7FA0-4885-AA22-F776EDDEA136}.Release|Any CPU.ActiveCfg = Release|Any CPU
		{F3672909-7FA0-4885-AA22-F776EDDEA136}.Release|Any CPU.Build.0 = Release|Any CPU
	EndGlobalSection
	GlobalSection(SolutionProperties) = preSolution
		HideSolutionNode = FALSE
	EndGlobalSection
	GlobalSection(ExtensibilityGlobals) = postSolution
		SolutionGuid = {F8176F38-F138-433B-9061-CC6B147536B3}
	EndGlobalSection
EndGlobal
