
Microsoft Visual Studio Solution File, Format Version 12.00
# Visual Studio Version 17
VisualStudioVersion = 17.5.33502.453
MinimumVisualStudioVersion = 10.0.40219.1
Project("{FAE04EC0-301F-11D3-BF4B-00C04F79EFBC}") = "MVChomepage", "MVChomepage\MVChomepage.csproj", "{A0150D0F-C057-46E7-9B57-EB603F87F0B5}"
EndProject
Global
	GlobalSection(SolutionConfigurationPlatforms) = preSolution
		Debug|Any CPU = Debug|Any CPU
		Release|Any CPU = Release|Any CPU
	EndGlobalSection
	GlobalSection(ProjectConfigurationPlatforms) = postSolution
		{A0150D0F-C057-46E7-9B57-EB603F87F0B5}.Debug|Any CPU.ActiveCfg = Debug|Any CPU
		{A0150D0F-C057-46E7-9B57-EB603F87F0B5}.Debug|Any CPU.Build.0 = Debug|Any CPU
		{A0150D0F-C057-46E7-9B57-EB603F87F0B5}.Release|Any CPU.ActiveCfg = Release|Any CPU
		{A0150D0F-C057-46E7-9B57-EB603F87F0B5}.Release|Any CPU.Build.0 = Release|Any CPU
	EndGlobalSection
	GlobalSection(SolutionProperties) = preSolution
		HideSolutionNode = FALSE
	EndGlobalSection
	GlobalSection(ExtensibilityGlobals) = postSolution
		SolutionGuid = {884D976D-A701-4895-995A-8C064ED14706}
	EndGlobalSection
EndGlobal
