
Microsoft Visual Studio Solution File, Format Version 12.00
# Visual Studio Version 17
VisualStudioVersion = 17.5.33502.453
MinimumVisualStudioVersion = 10.0.40219.1
Project("{FAE04EC0-301F-11D3-BF4B-00C04F79EFBC}") = "BODMAS3", "BODMAS3\BODMAS3.csproj", "{864573EC-B0F4-44E5-8EEB-16FC6C60A6B6}"
EndProject
Global
	GlobalSection(SolutionConfigurationPlatforms) = preSolution
		Debug|Any CPU = Debug|Any CPU
		Release|Any CPU = Release|Any CPU
	EndGlobalSection
	GlobalSection(ProjectConfigurationPlatforms) = postSolution
		{864573EC-B0F4-44E5-8EEB-16FC6C60A6B6}.Debug|Any CPU.ActiveCfg = Debug|Any CPU
		{864573EC-B0F4-44E5-8EEB-16FC6C60A6B6}.Debug|Any CPU.Build.0 = Debug|Any CPU
		{864573EC-B0F4-44E5-8EEB-16FC6C60A6B6}.Release|Any CPU.ActiveCfg = Release|Any CPU
		{864573EC-B0F4-44E5-8EEB-16FC6C60A6B6}.Release|Any CPU.Build.0 = Release|Any CPU
	EndGlobalSection
	GlobalSection(SolutionProperties) = preSolution
		HideSolutionNode = FALSE
	EndGlobalSection
	GlobalSection(ExtensibilityGlobals) = postSolution
		SolutionGuid = {F4B19744-5CB0-4841-AE25-A756168B20AC}
	EndGlobalSection
EndGlobal
