
Microsoft Visual Studio Solution File, Format Version 12.00
# Visual Studio Version 17
VisualStudioVersion = 17.5.33502.453
MinimumVisualStudioVersion = 10.0.40219.1
Project("{FAE04EC0-301F-11D3-BF4B-00C04F79EFBC}") = "ConnectionInsertitem", "ConnectionInsertitem\ConnectionInsertitem.csproj", "{89AC457E-DAE5-4ED1-BFAA-931778E5DA65}"
EndProject
Global
	GlobalSection(SolutionConfigurationPlatforms) = preSolution
		Debug|Any CPU = Debug|Any CPU
		Release|Any CPU = Release|Any CPU
	EndGlobalSection
	GlobalSection(ProjectConfigurationPlatforms) = postSolution
		{89AC457E-DAE5-4ED1-BFAA-931778E5DA65}.Debug|Any CPU.ActiveCfg = Debug|Any CPU
		{89AC457E-DAE5-4ED1-BFAA-931778E5DA65}.Debug|Any CPU.Build.0 = Debug|Any CPU
		{89AC457E-DAE5-4ED1-BFAA-931778E5DA65}.Release|Any CPU.ActiveCfg = Release|Any CPU
		{89AC457E-DAE5-4ED1-BFAA-931778E5DA65}.Release|Any CPU.Build.0 = Release|Any CPU
	EndGlobalSection
	GlobalSection(SolutionProperties) = preSolution
		HideSolutionNode = FALSE
	EndGlobalSection
	GlobalSection(ExtensibilityGlobals) = postSolution
		SolutionGuid = {BB86A9CD-0539-4346-A419-2496942A55F9}
	EndGlobalSection
EndGlobal
