
Microsoft Visual Studio Solution File, Format Version 12.00
# Visual Studio Version 17
VisualStudioVersion = 17.5.33502.453
MinimumVisualStudioVersion = 10.0.40219.1
Project("{FAE04EC0-301F-11D3-BF4B-00C04F79EFBC}") = "Classfieldandmethodwithparameter", "Classfieldandmethodwithparameter\Classfieldandmethodwithparameter.csproj", "{93C905AE-E672-4E83-9C55-152CC0706AAE}"
EndProject
Global
	GlobalSection(SolutionConfigurationPlatforms) = preSolution
		Debug|Any CPU = Debug|Any CPU
		Release|Any CPU = Release|Any CPU
	EndGlobalSection
	GlobalSection(ProjectConfigurationPlatforms) = postSolution
		{93C905AE-E672-4E83-9C55-152CC0706AAE}.Debug|Any CPU.ActiveCfg = Debug|Any CPU
		{93C905AE-E672-4E83-9C55-152CC0706AAE}.Debug|Any CPU.Build.0 = Debug|Any CPU
		{93C905AE-E672-4E83-9C55-152CC0706AAE}.Release|Any CPU.ActiveCfg = Release|Any CPU
		{93C905AE-E672-4E83-9C55-152CC0706AAE}.Release|Any CPU.Build.0 = Release|Any CPU
	EndGlobalSection
	GlobalSection(SolutionProperties) = preSolution
		HideSolutionNode = FALSE
	EndGlobalSection
	GlobalSection(ExtensibilityGlobals) = postSolution
		SolutionGuid = {70E0D13A-639F-4CA6-A17A-97DF71ED0CE9}
	EndGlobalSection
EndGlobal
