
Microsoft Visual Studio Solution File, Format Version 12.00
# Visual Studio Version 17
VisualStudioVersion = 17.5.33502.453
MinimumVisualStudioVersion = 10.0.40219.1
Project("{FAE04EC0-301F-11D3-BF4B-00C04F79EFBC}") = "polymorphism6", "polymorphism6\polymorphism6.csproj", "{2D32BC61-AF08-436D-A869-916F3AC5393C}"
EndProject
Global
	GlobalSection(SolutionConfigurationPlatforms) = preSolution
		Debug|Any CPU = Debug|Any CPU
		Release|Any CPU = Release|Any CPU
	EndGlobalSection
	GlobalSection(ProjectConfigurationPlatforms) = postSolution
		{2D32BC61-AF08-436D-A869-916F3AC5393C}.Debug|Any CPU.ActiveCfg = Debug|Any CPU
		{2D32BC61-AF08-436D-A869-916F3AC5393C}.Debug|Any CPU.Build.0 = Debug|Any CPU
		{2D32BC61-AF08-436D-A869-916F3AC5393C}.Release|Any CPU.ActiveCfg = Release|Any CPU
		{2D32BC61-AF08-436D-A869-916F3AC5393C}.Release|Any CPU.Build.0 = Release|Any CPU
	EndGlobalSection
	GlobalSection(SolutionProperties) = preSolution
		HideSolutionNode = FALSE
	EndGlobalSection
	GlobalSection(ExtensibilityGlobals) = postSolution
		SolutionGuid = {0B664E9C-8BB1-47F0-B604-27760C691919}
	EndGlobalSection
EndGlobal
