
Microsoft Visual Studio Solution File, Format Version 12.00
# Visual Studio Version 17
VisualStudioVersion = 17.5.33502.453
MinimumVisualStudioVersion = 10.0.40219.1
Project("{FAE04EC0-301F-11D3-BF4B-00C04F79EFBC}") = "WindowsFormsApp18", "WindowsFormsApp18\WindowsFormsApp18.csproj", "{CC4D2760-B5FF-4614-8C66-0EB62601CBDC}"
EndProject
Global
	GlobalSection(SolutionConfigurationPlatforms) = preSolution
		Debug|Any CPU = Debug|Any CPU
		Release|Any CPU = Release|Any CPU
	EndGlobalSection
	GlobalSection(ProjectConfigurationPlatforms) = postSolution
		{CC4D2760-B5FF-4614-8C66-0EB62601CBDC}.Debug|Any CPU.ActiveCfg = Debug|Any CPU
		{CC4D2760-B5FF-4614-8C66-0EB62601CBDC}.Debug|Any CPU.Build.0 = Debug|Any CPU
		{CC4D2760-B5FF-4614-8C66-0EB62601CBDC}.Release|Any CPU.ActiveCfg = Release|Any CPU
		{CC4D2760-B5FF-4614-8C66-0EB62601CBDC}.Release|Any CPU.Build.0 = Release|Any CPU
	EndGlobalSection
	GlobalSection(SolutionProperties) = preSolution
		HideSolutionNode = FALSE
	EndGlobalSection
	GlobalSection(ExtensibilityGlobals) = postSolution
		SolutionGuid = {57551AC7-9D48-43E2-BC47-99B52D8A12AB}
	EndGlobalSection
EndGlobal
