
Microsoft Visual Studio Solution File, Format Version 12.00
# Visual Studio Version 17
VisualStudioVersion = 17.5.33502.453
MinimumVisualStudioVersion = 10.0.40219.1
Project("{FAE04EC0-301F-11D3-BF4B-00C04F79EFBC}") = "fendal2", "fendal2\fendal2.csproj", "{BC76FF54-37A2-4849-A320-D0BD8CB3078F}"
EndProject
Global
	GlobalSection(SolutionConfigurationPlatforms) = preSolution
		Debug|Any CPU = Debug|Any CPU
		Release|Any CPU = Release|Any CPU
	EndGlobalSection
	GlobalSection(ProjectConfigurationPlatforms) = postSolution
		{BC76FF54-37A2-4849-A320-D0BD8CB3078F}.Debug|Any CPU.ActiveCfg = Debug|Any CPU
		{BC76FF54-37A2-4849-A320-D0BD8CB3078F}.Debug|Any CPU.Build.0 = Debug|Any CPU
		{BC76FF54-37A2-4849-A320-D0BD8CB3078F}.Release|Any CPU.ActiveCfg = Release|Any CPU
		{BC76FF54-37A2-4849-A320-D0BD8CB3078F}.Release|Any CPU.Build.0 = Release|Any CPU
	EndGlobalSection
	GlobalSection(SolutionProperties) = preSolution
		HideSolutionNode = FALSE
	EndGlobalSection
	GlobalSection(ExtensibilityGlobals) = postSolution
		SolutionGuid = {B9BC501D-97A7-4C50-AE8F-0387D00068FD}
	EndGlobalSection
EndGlobal
