
Microsoft Visual Studio Solution File, Format Version 12.00
# Visual Studio Version 17
VisualStudioVersion = 17.5.33502.453
MinimumVisualStudioVersion = 10.0.40219.1
Project("{FAE04EC0-301F-11D3-BF4B-00C04F79EFBC}") = "mvcdropdowncountry", "mvcdropdowncountry\mvcdropdowncountry.csproj", "{CC0B734C-7FF3-4E94-9D15-523E0030E75F}"
EndProject
Global
	GlobalSection(SolutionConfigurationPlatforms) = preSolution
		Debug|Any CPU = Debug|Any CPU
		Release|Any CPU = Release|Any CPU
	EndGlobalSection
	GlobalSection(ProjectConfigurationPlatforms) = postSolution
		{CC0B734C-7FF3-4E94-9D15-523E0030E75F}.Debug|Any CPU.ActiveCfg = Debug|Any CPU
		{CC0B734C-7FF3-4E94-9D15-523E0030E75F}.Debug|Any CPU.Build.0 = Debug|Any CPU
		{CC0B734C-7FF3-4E94-9D15-523E0030E75F}.Release|Any CPU.ActiveCfg = Release|Any CPU
		{CC0B734C-7FF3-4E94-9D15-523E0030E75F}.Release|Any CPU.Build.0 = Release|Any CPU
	EndGlobalSection
	GlobalSection(SolutionProperties) = preSolution
		HideSolutionNode = FALSE
	EndGlobalSection
	GlobalSection(ExtensibilityGlobals) = postSolution
		SolutionGuid = {A7E87938-9951-4692-9B82-C271C36AF79B}
	EndGlobalSection
EndGlobal
