
Microsoft Visual Studio Solution File, Format Version 12.00
# Visual Studio Version 17
VisualStudioVersion = 17.5.33502.453
MinimumVisualStudioVersion = 10.0.40219.1
Project("{FAE04EC0-301F-11D3-BF4B-00C04F79EFBC}") = "librarystored", "librarystored\librarystored.csproj", "{77EBDDC3-F11B-4A88-ADA4-4004ECE1FD15}"
EndProject
Global
	GlobalSection(SolutionConfigurationPlatforms) = preSolution
		Debug|Any CPU = Debug|Any CPU
		Release|Any CPU = Release|Any CPU
	EndGlobalSection
	GlobalSection(ProjectConfigurationPlatforms) = postSolution
		{77EBDDC3-F11B-4A88-ADA4-4004ECE1FD15}.Debug|Any CPU.ActiveCfg = Debug|Any CPU
		{77EBDDC3-F11B-4A88-ADA4-4004ECE1FD15}.Debug|Any CPU.Build.0 = Debug|Any CPU
		{77EBDDC3-F11B-4A88-ADA4-4004ECE1FD15}.Release|Any CPU.ActiveCfg = Release|Any CPU
		{77EBDDC3-F11B-4A88-ADA4-4004ECE1FD15}.Release|Any CPU.Build.0 = Release|Any CPU
	EndGlobalSection
	GlobalSection(SolutionProperties) = preSolution
		HideSolutionNode = FALSE
	EndGlobalSection
	GlobalSection(ExtensibilityGlobals) = postSolution
		SolutionGuid = {1D381EB0-4307-416D-9E44-64F10A6C979F}
	EndGlobalSection
EndGlobal
