
Microsoft Visual Studio Solution File, Format Version 12.00
# Visual Studio Version 17
VisualStudioVersion = 17.5.33502.453
MinimumVisualStudioVersion = 10.0.40219.1
Project("{FAE04EC0-301F-11D3-BF4B-00C04F79EFBC}") = "nonrepeating", "nonrepeating\nonrepeating.csproj", "{F2FA3A3A-BF93-404D-94DF-ED2371D310CB}"
EndProject
Global
	GlobalSection(SolutionConfigurationPlatforms) = preSolution
		Debug|Any CPU = Debug|Any CPU
		Release|Any CPU = Release|Any CPU
	EndGlobalSection
	GlobalSection(ProjectConfigurationPlatforms) = postSolution
		{F2FA3A3A-BF93-404D-94DF-ED2371D310CB}.Debug|Any CPU.ActiveCfg = Debug|Any CPU
		{F2FA3A3A-BF93-404D-94DF-ED2371D310CB}.Debug|Any CPU.Build.0 = Debug|Any CPU
		{F2FA3A3A-BF93-404D-94DF-ED2371D310CB}.Release|Any CPU.ActiveCfg = Release|Any CPU
		{F2FA3A3A-BF93-404D-94DF-ED2371D310CB}.Release|Any CPU.Build.0 = Release|Any CPU
	EndGlobalSection
	GlobalSection(SolutionProperties) = preSolution
		HideSolutionNode = FALSE
	EndGlobalSection
	GlobalSection(ExtensibilityGlobals) = postSolution
		SolutionGuid = {7CDF639B-9D2A-42F8-8C6F-AC6C96A41B4B}
	EndGlobalSection
EndGlobal
