
Microsoft Visual Studio Solution File, Format Version 12.00
# Visual Studio Version 17
VisualStudioVersion = 17.5.33502.453
MinimumVisualStudioVersion = 10.0.40219.1
Project("{FAE04EC0-301F-11D3-BF4B-00C04F79EFBC}") = "productmethodfielduser", "productmethodfielduser\productmethodfielduser.csproj", "{96F25B99-F4EC-45B9-8EB1-F2E4582C799C}"
EndProject
Global
	GlobalSection(SolutionConfigurationPlatforms) = preSolution
		Debug|Any CPU = Debug|Any CPU
		Release|Any CPU = Release|Any CPU
	EndGlobalSection
	GlobalSection(ProjectConfigurationPlatforms) = postSolution
		{96F25B99-F4EC-45B9-8EB1-F2E4582C799C}.Debug|Any CPU.ActiveCfg = Debug|Any CPU
		{96F25B99-F4EC-45B9-8EB1-F2E4582C799C}.Debug|Any CPU.Build.0 = Debug|Any CPU
		{96F25B99-F4EC-45B9-8EB1-F2E4582C799C}.Release|Any CPU.ActiveCfg = Release|Any CPU
		{96F25B99-F4EC-45B9-8EB1-F2E4582C799C}.Release|Any CPU.Build.0 = Release|Any CPU
	EndGlobalSection
	GlobalSection(SolutionProperties) = preSolution
		HideSolutionNode = FALSE
	EndGlobalSection
	GlobalSection(ExtensibilityGlobals) = postSolution
		SolutionGuid = {F7A899BB-2929-483B-8ED7-25DCFCD91286}
	EndGlobalSection
EndGlobal
