
Microsoft Visual Studio Solution File, Format Version 12.00
# Visual Studio Version 17
VisualStudioVersion = 17.5.33502.453
MinimumVisualStudioVersion = 10.0.40219.1
Project("{FAE04EC0-301F-11D3-BF4B-00C04F79EFBC}") = "ConsoleApp2", "ConsoleApp2\ConsoleApp2.csproj", "{4CF48B9C-7AFD-4D56-8E4F-38B7B325ED33}"
EndProject
Global
	GlobalSection(SolutionConfigurationPlatforms) = preSolution
		Debug|Any CPU = Debug|Any CPU
		Release|Any CPU = Release|Any CPU
	EndGlobalSection
	GlobalSection(ProjectConfigurationPlatforms) = postSolution
		{4CF48B9C-7AFD-4D56-8E4F-38B7B325ED33}.Debug|Any CPU.ActiveCfg = Debug|Any CPU
		{4CF48B9C-7AFD-4D56-8E4F-38B7B325ED33}.Debug|Any CPU.Build.0 = Debug|Any CPU
		{4CF48B9C-7AFD-4D56-8E4F-38B7B325ED33}.Release|Any CPU.ActiveCfg = Release|Any CPU
		{4CF48B9C-7AFD-4D56-8E4F-38B7B325ED33}.Release|Any CPU.Build.0 = Release|Any CPU
	EndGlobalSection
	GlobalSection(SolutionProperties) = preSolution
		HideSolutionNode = FALSE
	EndGlobalSection
	GlobalSection(ExtensibilityGlobals) = postSolution
		SolutionGuid = {35E4D97A-DC2B-4F1F-A036-F5CA1ECDF29F}
	EndGlobalSection
EndGlobal
