
Microsoft Visual Studio Solution File, Format Version 12.00
# Visual Studio Version 17
VisualStudioVersion = 17.5.33502.453
MinimumVisualStudioVersion = 10.0.40219.1
Project("{FAE04EC0-301F-11D3-BF4B-00C04F79EFBC}") = "ConsoleApp20", "ConsoleApp20\ConsoleApp20.csproj", "{4CB95030-A233-4117-9FFE-CD0C4DE2ED20}"
EndProject
Global
	GlobalSection(SolutionConfigurationPlatforms) = preSolution
		Debug|Any CPU = Debug|Any CPU
		Release|Any CPU = Release|Any CPU
	EndGlobalSection
	GlobalSection(ProjectConfigurationPlatforms) = postSolution
		{4CB95030-A233-4117-9FFE-CD0C4DE2ED20}.Debug|Any CPU.ActiveCfg = Debug|Any CPU
		{4CB95030-A233-4117-9FFE-CD0C4DE2ED20}.Debug|Any CPU.Build.0 = Debug|Any CPU
		{4CB95030-A233-4117-9FFE-CD0C4DE2ED20}.Release|Any CPU.ActiveCfg = Release|Any CPU
		{4CB95030-A233-4117-9FFE-CD0C4DE2ED20}.Release|Any CPU.Build.0 = Release|Any CPU
	EndGlobalSection
	GlobalSection(SolutionProperties) = preSolution
		HideSolutionNode = FALSE
	EndGlobalSection
	GlobalSection(ExtensibilityGlobals) = postSolution
		SolutionGuid = {37FF485A-F80D-47C9-86E1-466545606691}
	EndGlobalSection
EndGlobal
