
Microsoft Visual Studio Solution File, Format Version 12.00
# Visual Studio Version 17
VisualStudioVersion = 17.6.33815.320
MinimumVisualStudioVersion = 10.0.40219.1
Project("{FAE04EC0-301F-11D3-BF4B-00C04F79EFBC}") = "ProductEx1", "ProductEx1\ProductEx1.csproj", "{75871C7F-2996-4EB6-A54C-A30FA862B3FD}"
EndProject
Global
	GlobalSection(SolutionConfigurationPlatforms) = preSolution
		Debug|Any CPU = Debug|Any CPU
		Release|Any CPU = Release|Any CPU
	EndGlobalSection
	GlobalSection(ProjectConfigurationPlatforms) = postSolution
		{75871C7F-2996-4EB6-A54C-A30FA862B3FD}.Debug|Any CPU.ActiveCfg = Debug|Any CPU
		{75871C7F-2996-4EB6-A54C-A30FA862B3FD}.Debug|Any CPU.Build.0 = Debug|Any CPU
		{75871C7F-2996-4EB6-A54C-A30FA862B3FD}.Release|Any CPU.ActiveCfg = Release|Any CPU
		{75871C7F-2996-4EB6-A54C-A30FA862B3FD}.Release|Any CPU.Build.0 = Release|Any CPU
	EndGlobalSection
	GlobalSection(SolutionProperties) = preSolution
		HideSolutionNode = FALSE
	EndGlobalSection
	GlobalSection(ExtensibilityGlobals) = postSolution
		SolutionGuid = {1FD1775D-F969-4B7C-A7AA-3CADD5ABBE02}
	EndGlobalSection
EndGlobal
