
Microsoft Visual Studio Solution File, Format Version 12.00
# Visual Studio Version 17
VisualStudioVersion = 17.5.33502.453
MinimumVisualStudioVersion = 10.0.40219.1
Project("{FAE04EC0-301F-11D3-BF4B-00C04F79EFBC}") = "sortarray1", "sortarray1\sortarray1.csproj", "{A1F78FEA-EC5F-436C-9AD7-E2E26AD82636}"
EndProject
Global
	GlobalSection(SolutionConfigurationPlatforms) = preSolution
		Debug|Any CPU = Debug|Any CPU
		Release|Any CPU = Release|Any CPU
	EndGlobalSection
	GlobalSection(ProjectConfigurationPlatforms) = postSolution
		{A1F78FEA-EC5F-436C-9AD7-E2E26AD82636}.Debug|Any CPU.ActiveCfg = Debug|Any CPU
		{A1F78FEA-EC5F-436C-9AD7-E2E26AD82636}.Debug|Any CPU.Build.0 = Debug|Any CPU
		{A1F78FEA-EC5F-436C-9AD7-E2E26AD82636}.Release|Any CPU.ActiveCfg = Release|Any CPU
		{A1F78FEA-EC5F-436C-9AD7-E2E26AD82636}.Release|Any CPU.Build.0 = Release|Any CPU
	EndGlobalSection
	GlobalSection(SolutionProperties) = preSolution
		HideSolutionNode = FALSE
	EndGlobalSection
	GlobalSection(ExtensibilityGlobals) = postSolution
		SolutionGuid = {95A3F475-AD30-4973-8FA2-AF9A5B2A20A7}
	EndGlobalSection
EndGlobal
