
Microsoft Visual Studio Solution File, Format Version 12.00
# Visual Studio Version 17
VisualStudioVersion = 17.5.33502.453
MinimumVisualStudioVersion = 10.0.40219.1
Project("{FAE04EC0-301F-11D3-BF4B-00C04F79EFBC}") = "Chararray", "Chararray\Chararray.csproj", "{7450F75D-B96B-4803-BBCE-D75FC73AC5B9}"
EndProject
Global
	GlobalSection(SolutionConfigurationPlatforms) = preSolution
		Debug|Any CPU = Debug|Any CPU
		Release|Any CPU = Release|Any CPU
	EndGlobalSection
	GlobalSection(ProjectConfigurationPlatforms) = postSolution
		{7450F75D-B96B-4803-BBCE-D75FC73AC5B9}.Debug|Any CPU.ActiveCfg = Debug|Any CPU
		{7450F75D-B96B-4803-BBCE-D75FC73AC5B9}.Debug|Any CPU.Build.0 = Debug|Any CPU
		{7450F75D-B96B-4803-BBCE-D75FC73AC5B9}.Release|Any CPU.ActiveCfg = Release|Any CPU
		{7450F75D-B96B-4803-BBCE-D75FC73AC5B9}.Release|Any CPU.Build.0 = Release|Any CPU
	EndGlobalSection
	GlobalSection(SolutionProperties) = preSolution
		HideSolutionNode = FALSE
	EndGlobalSection
	GlobalSection(ExtensibilityGlobals) = postSolution
		SolutionGuid = {E846BDF6-4655-4416-A94C-E4E2F982CB86}
	EndGlobalSection
EndGlobal
