
Microsoft Visual Studio Solution File, Format Version 12.00
# Visual Studio Version 17
VisualStudioVersion = 17.5.33502.453
MinimumVisualStudioVersion = 10.0.40219.1
Project("{FAE04EC0-301F-11D3-BF4B-00C04F79EFBC}") = "Connectioninsert", "Connectioninsert\Connectioninsert.csproj", "{04874BD9-D3B2-426F-A2AD-11B0B1EB0191}"
EndProject
Global
	GlobalSection(SolutionConfigurationPlatforms) = preSolution
		Debug|Any CPU = Debug|Any CPU
		Release|Any CPU = Release|Any CPU
	EndGlobalSection
	GlobalSection(ProjectConfigurationPlatforms) = postSolution
		{04874BD9-D3B2-426F-A2AD-11B0B1EB0191}.Debug|Any CPU.ActiveCfg = Debug|Any CPU
		{04874BD9-D3B2-426F-A2AD-11B0B1EB0191}.Debug|Any CPU.Build.0 = Debug|Any CPU
		{04874BD9-D3B2-426F-A2AD-11B0B1EB0191}.Release|Any CPU.ActiveCfg = Release|Any CPU
		{04874BD9-D3B2-426F-A2AD-11B0B1EB0191}.Release|Any CPU.Build.0 = Release|Any CPU
	EndGlobalSection
	GlobalSection(SolutionProperties) = preSolution
		HideSolutionNode = FALSE
	EndGlobalSection
	GlobalSection(ExtensibilityGlobals) = postSolution
		SolutionGuid = {EFA9711B-64B3-49C3-84A8-202D8BA91184}
	EndGlobalSection
EndGlobal
