
Microsoft Visual Studio Solution File, Format Version 12.00
# Visual Studio Version 17
VisualStudioVersion = 17.5.33502.453
MinimumVisualStudioVersion = 10.0.40219.1
Project("{FAE04EC0-301F-11D3-BF4B-00C04F79EFBC}") = "empconnection", "empconnection\empconnection.csproj", "{D7067C51-0EAE-4AFB-8C11-8FD8D35A3DEA}"
EndProject
Global
	GlobalSection(SolutionConfigurationPlatforms) = preSolution
		Debug|Any CPU = Debug|Any CPU
		Release|Any CPU = Release|Any CPU
	EndGlobalSection
	GlobalSection(ProjectConfigurationPlatforms) = postSolution
		{D7067C51-0EAE-4AFB-8C11-8FD8D35A3DEA}.Debug|Any CPU.ActiveCfg = Debug|Any CPU
		{D7067C51-0EAE-4AFB-8C11-8FD8D35A3DEA}.Debug|Any CPU.Build.0 = Debug|Any CPU
		{D7067C51-0EAE-4AFB-8C11-8FD8D35A3DEA}.Release|Any CPU.ActiveCfg = Release|Any CPU
		{D7067C51-0EAE-4AFB-8C11-8FD8D35A3DEA}.Release|Any CPU.Build.0 = Release|Any CPU
	EndGlobalSection
	GlobalSection(SolutionProperties) = preSolution
		HideSolutionNode = FALSE
	EndGlobalSection
	GlobalSection(ExtensibilityGlobals) = postSolution
		SolutionGuid = {2995E0AE-5211-4EF4-8262-0D08748ADAAA}
	EndGlobalSection
EndGlobal
