
Microsoft Visual Studio Solution File, Format Version 12.00
# Visual Studio Version 17
VisualStudioVersion = 17.5.33502.453
MinimumVisualStudioVersion = 10.0.40219.1
Project("{FAE04EC0-301F-11D3-BF4B-00C04F79EFBC}") = "sealedmethod", "sealedmethod\sealedmethod.csproj", "{32CC5416-57FC-4B81-A41B-C2A15B8AFBD2}"
EndProject
Global
	GlobalSection(SolutionConfigurationPlatforms) = preSolution
		Debug|Any CPU = Debug|Any CPU
		Release|Any CPU = Release|Any CPU
	EndGlobalSection
	GlobalSection(ProjectConfigurationPlatforms) = postSolution
		{32CC5416-57FC-4B81-A41B-C2A15B8AFBD2}.Debug|Any CPU.ActiveCfg = Debug|Any CPU
		{32CC5416-57FC-4B81-A41B-C2A15B8AFBD2}.Debug|Any CPU.Build.0 = Debug|Any CPU
		{32CC5416-57FC-4B81-A41B-C2A15B8AFBD2}.Release|Any CPU.ActiveCfg = Release|Any CPU
		{32CC5416-57FC-4B81-A41B-C2A15B8AFBD2}.Release|Any CPU.Build.0 = Release|Any CPU
	EndGlobalSection
	GlobalSection(SolutionProperties) = preSolution
		HideSolutionNode = FALSE
	EndGlobalSection
	GlobalSection(ExtensibilityGlobals) = postSolution
		SolutionGuid = {86C55422-A457-4040-AA36-8043A828A78F}
	EndGlobalSection
EndGlobal
