
Microsoft Visual Studio Solution File, Format Version 12.00
# Visual Studio Version 17
VisualStudioVersion = 17.5.33502.453
MinimumVisualStudioVersion = 10.0.40219.1
Project("{FAE04EC0-301F-11D3-BF4B-00C04F79EFBC}") = "StudentItemList", "StudentItemList\StudentItemList.csproj", "{B27C84B2-CDF3-4CDE-A35E-8529D516152A}"
EndProject
Global
	GlobalSection(SolutionConfigurationPlatforms) = preSolution
		Debug|Any CPU = Debug|Any CPU
		Release|Any CPU = Release|Any CPU
	EndGlobalSection
	GlobalSection(ProjectConfigurationPlatforms) = postSolution
		{B27C84B2-CDF3-4CDE-A35E-8529D516152A}.Debug|Any CPU.ActiveCfg = Debug|Any CPU
		{B27C84B2-CDF3-4CDE-A35E-8529D516152A}.Debug|Any CPU.Build.0 = Debug|Any CPU
		{B27C84B2-CDF3-4CDE-A35E-8529D516152A}.Release|Any CPU.ActiveCfg = Release|Any CPU
		{B27C84B2-CDF3-4CDE-A35E-8529D516152A}.Release|Any CPU.Build.0 = Release|Any CPU
	EndGlobalSection
	GlobalSection(SolutionProperties) = preSolution
		HideSolutionNode = FALSE
	EndGlobalSection
	GlobalSection(ExtensibilityGlobals) = postSolution
		SolutionGuid = {E500963F-E2DA-4A87-92FB-BE9FF2DFB131}
	EndGlobalSection
EndGlobal
