
Microsoft Visual Studio Solution File, Format Version 12.00
# Visual Studio Version 17
VisualStudioVersion = 17.5.33502.453
MinimumVisualStudioVersion = 10.0.40219.1
Project("{FAE04EC0-301F-11D3-BF4B-00C04F79EFBC}") = "sample7", "sample7\sample7.csproj", "{C3EE5A5D-5AF4-4D05-9FE1-FB84CA76CA8D}"
EndProject
Global
	GlobalSection(SolutionConfigurationPlatforms) = preSolution
		Debug|Any CPU = Debug|Any CPU
		Release|Any CPU = Release|Any CPU
	EndGlobalSection
	GlobalSection(ProjectConfigurationPlatforms) = postSolution
		{C3EE5A5D-5AF4-4D05-9FE1-FB84CA76CA8D}.Debug|Any CPU.ActiveCfg = Debug|Any CPU
		{C3EE5A5D-5AF4-4D05-9FE1-FB84CA76CA8D}.Debug|Any CPU.Build.0 = Debug|Any CPU
		{C3EE5A5D-5AF4-4D05-9FE1-FB84CA76CA8D}.Release|Any CPU.ActiveCfg = Release|Any CPU
		{C3EE5A5D-5AF4-4D05-9FE1-FB84CA76CA8D}.Release|Any CPU.Build.0 = Release|Any CPU
	EndGlobalSection
	GlobalSection(SolutionProperties) = preSolution
		HideSolutionNode = FALSE
	EndGlobalSection
	GlobalSection(ExtensibilityGlobals) = postSolution
		SolutionGuid = {0D82A3FE-42B9-4828-A343-9900FDB12728}
	EndGlobalSection
EndGlobal
