
Microsoft Visual Studio Solution File, Format Version 12.00
# Visual Studio Version 17
VisualStudioVersion = 17.5.33502.453
MinimumVisualStudioVersion = 10.0.40219.1
Project("{FAE04EC0-301F-11D3-BF4B-00C04F79EFBC}") = "TrustProject", "TrustProject\TrustProject.csproj", "{763BDD6B-95F9-4AA9-84C6-E384C88CA21F}"
EndProject
Global
	GlobalSection(SolutionConfigurationPlatforms) = preSolution
		Debug|Any CPU = Debug|Any CPU
		Release|Any CPU = Release|Any CPU
	EndGlobalSection
	GlobalSection(ProjectConfigurationPlatforms) = postSolution
		{763BDD6B-95F9-4AA9-84C6-E384C88CA21F}.Debug|Any CPU.ActiveCfg = Debug|Any CPU
		{763BDD6B-95F9-4AA9-84C6-E384C88CA21F}.Debug|Any CPU.Build.0 = Debug|Any CPU
		{763BDD6B-95F9-4AA9-84C6-E384C88CA21F}.Release|Any CPU.ActiveCfg = Release|Any CPU
		{763BDD6B-95F9-4AA9-84C6-E384C88CA21F}.Release|Any CPU.Build.0 = Release|Any CPU
	EndGlobalSection
	GlobalSection(SolutionProperties) = preSolution
		HideSolutionNode = FALSE
	EndGlobalSection
	GlobalSection(ExtensibilityGlobals) = postSolution
		SolutionGuid = {72B05CF3-274D-449D-AE12-E0AEAC1E5F92}
	EndGlobalSection
EndGlobal
