
Microsoft Visual Studio Solution File, Format Version 12.00
# Visual Studio Version 17
VisualStudioVersion = 17.5.33502.453
MinimumVisualStudioVersion = 10.0.40219.1
Project("{FAE04EC0-301F-11D3-BF4B-00C04F79EFBC}") = "mvctemplate", "mvctemplate\mvctemplate.csproj", "{64536631-8777-43C6-B1ED-7457C9E88044}"
EndProject
Global
	GlobalSection(SolutionConfigurationPlatforms) = preSolution
		Debug|Any CPU = Debug|Any CPU
		Release|Any CPU = Release|Any CPU
	EndGlobalSection
	GlobalSection(ProjectConfigurationPlatforms) = postSolution
		{64536631-8777-43C6-B1ED-7457C9E88044}.Debug|Any CPU.ActiveCfg = Debug|Any CPU
		{64536631-8777-43C6-B1ED-7457C9E88044}.Debug|Any CPU.Build.0 = Debug|Any CPU
		{64536631-8777-43C6-B1ED-7457C9E88044}.Release|Any CPU.ActiveCfg = Release|Any CPU
		{64536631-8777-43C6-B1ED-7457C9E88044}.Release|Any CPU.Build.0 = Release|Any CPU
	EndGlobalSection
	GlobalSection(SolutionProperties) = preSolution
		HideSolutionNode = FALSE
	EndGlobalSection
	GlobalSection(ExtensibilityGlobals) = postSolution
		SolutionGuid = {DC40DB59-802B-488A-9DDE-BAFF7CDB5489}
	EndGlobalSection
EndGlobal
