
Microsoft Visual Studio Solution File, Format Version 12.00
# Visual Studio Version 17
VisualStudioVersion = 17.5.33502.453
MinimumVisualStudioVersion = 10.0.40219.1
Project("{FAE04EC0-301F-11D3-BF4B-00C04F79EFBC}") = "singleinheritance", "singleinheritance\singleinheritance.csproj", "{C7F0B4DC-A21A-4CAC-90DA-0C4F6E91FCD9}"
EndProject
Global
	GlobalSection(SolutionConfigurationPlatforms) = preSolution
		Debug|Any CPU = Debug|Any CPU
		Release|Any CPU = Release|Any CPU
	EndGlobalSection
	GlobalSection(ProjectConfigurationPlatforms) = postSolution
		{C7F0B4DC-A21A-4CAC-90DA-0C4F6E91FCD9}.Debug|Any CPU.ActiveCfg = Debug|Any CPU
		{C7F0B4DC-A21A-4CAC-90DA-0C4F6E91FCD9}.Debug|Any CPU.Build.0 = Debug|Any CPU
		{C7F0B4DC-A21A-4CAC-90DA-0C4F6E91FCD9}.Release|Any CPU.ActiveCfg = Release|Any CPU
		{C7F0B4DC-A21A-4CAC-90DA-0C4F6E91FCD9}.Release|Any CPU.Build.0 = Release|Any CPU
	EndGlobalSection
	GlobalSection(SolutionProperties) = preSolution
		HideSolutionNode = FALSE
	EndGlobalSection
	GlobalSection(ExtensibilityGlobals) = postSolution
		SolutionGuid = {62C953A0-BC4C-4ACF-B33C-EF7DC5355686}
	EndGlobalSection
EndGlobal
