
Microsoft Visual Studio Solution File, Format Version 12.00
# Visual Studio Version 17
VisualStudioVersion = 17.5.33502.453
MinimumVisualStudioVersion = 10.0.40219.1
Project("{FAE04EC0-301F-11D3-BF4B-00C04F79EFBC}") = "templateintegration2", "templateintegration2\templateintegration2.csproj", "{5B451AA1-65B9-4B14-8D0E-FAAF0C93FCAC}"
EndProject
Global
	GlobalSection(SolutionConfigurationPlatforms) = preSolution
		Debug|Any CPU = Debug|Any CPU
		Release|Any CPU = Release|Any CPU
	EndGlobalSection
	GlobalSection(ProjectConfigurationPlatforms) = postSolution
		{5B451AA1-65B9-4B14-8D0E-FAAF0C93FCAC}.Debug|Any CPU.ActiveCfg = Debug|Any CPU
		{5B451AA1-65B9-4B14-8D0E-FAAF0C93FCAC}.Debug|Any CPU.Build.0 = Debug|Any CPU
		{5B451AA1-65B9-4B14-8D0E-FAAF0C93FCAC}.Release|Any CPU.ActiveCfg = Release|Any CPU
		{5B451AA1-65B9-4B14-8D0E-FAAF0C93FCAC}.Release|Any CPU.Build.0 = Release|Any CPU
	EndGlobalSection
	GlobalSection(SolutionProperties) = preSolution
		HideSolutionNode = FALSE
	EndGlobalSection
	GlobalSection(ExtensibilityGlobals) = postSolution
		SolutionGuid = {76E547BF-6545-4BD8-8DAB-2994E1E8E8AF}
	EndGlobalSection
EndGlobal
