
Microsoft Visual Studio Solution File, Format Version 12.00
# Visual Studio Version 17
VisualStudioVersion = 17.6.33815.320
MinimumVisualStudioVersion = 10.0.40219.1
Project("{FAE04EC0-301F-11D3-BF4B-00C04F79EFBC}") = "WeeklyTypeex", "WeeklyTypeex\WeeklyTypeex.csproj", "{7FC6849C-9367-4801-AC4A-FC5F9AC14AAB}"
EndProject
Global
	GlobalSection(SolutionConfigurationPlatforms) = preSolution
		Debug|Any CPU = Debug|Any CPU
		Release|Any CPU = Release|Any CPU
	EndGlobalSection
	GlobalSection(ProjectConfigurationPlatforms) = postSolution
		{7FC6849C-9367-4801-AC4A-FC5F9AC14AAB}.Debug|Any CPU.ActiveCfg = Debug|Any CPU
		{7FC6849C-9367-4801-AC4A-FC5F9AC14AAB}.Debug|Any CPU.Build.0 = Debug|Any CPU
		{7FC6849C-9367-4801-AC4A-FC5F9AC14AAB}.Release|Any CPU.ActiveCfg = Release|Any CPU
		{7FC6849C-9367-4801-AC4A-FC5F9AC14AAB}.Release|Any CPU.Build.0 = Release|Any CPU
	EndGlobalSection
	GlobalSection(SolutionProperties) = preSolution
		HideSolutionNode = FALSE
	EndGlobalSection
	GlobalSection(ExtensibilityGlobals) = postSolution
		SolutionGuid = {A90B0412-334A-4A4F-AEC7-36CA9FFF914E}
	EndGlobalSection
EndGlobal
