
Microsoft Visual Studio Solution File, Format Version 12.00
# Visual Studio Version 17
VisualStudioVersion = 17.5.33502.453
MinimumVisualStudioVersion = 10.0.40219.1
Project("{FAE04EC0-301F-11D3-BF4B-00C04F79EFBC}") = "Dropdownteatype", "Dropdownteatype\Dropdownteatype.csproj", "{DDCE9CD7-85AB-47F8-9CEF-1B577D46210B}"
EndProject
Global
	GlobalSection(SolutionConfigurationPlatforms) = preSolution
		Debug|Any CPU = Debug|Any CPU
		Release|Any CPU = Release|Any CPU
	EndGlobalSection
	GlobalSection(ProjectConfigurationPlatforms) = postSolution
		{DDCE9CD7-85AB-47F8-9CEF-1B577D46210B}.Debug|Any CPU.ActiveCfg = Debug|Any CPU
		{DDCE9CD7-85AB-47F8-9CEF-1B577D46210B}.Debug|Any CPU.Build.0 = Debug|Any CPU
		{DDCE9CD7-85AB-47F8-9CEF-1B577D46210B}.Release|Any CPU.ActiveCfg = Release|Any CPU
		{DDCE9CD7-85AB-47F8-9CEF-1B577D46210B}.Release|Any CPU.Build.0 = Release|Any CPU
	EndGlobalSection
	GlobalSection(SolutionProperties) = preSolution
		HideSolutionNode = FALSE
	EndGlobalSection
	GlobalSection(ExtensibilityGlobals) = postSolution
		SolutionGuid = {2784605E-8C4F-46F6-B57B-1364C64ABF9D}
	EndGlobalSection
EndGlobal
