
Microsoft Visual Studio Solution File, Format Version 12.00
# Visual Studio Version 17
VisualStudioVersion = 17.5.33502.453
MinimumVisualStudioVersion = 10.0.40219.1
Project("{FAE04EC0-301F-11D3-BF4B-00C04F79EFBC}") = "staticconstructor", "staticconstructor\staticconstructor.csproj", "{367CA894-0305-4E0E-BE04-A51A4EEE6190}"
EndProject
Global
	GlobalSection(SolutionConfigurationPlatforms) = preSolution
		Debug|Any CPU = Debug|Any CPU
		Release|Any CPU = Release|Any CPU
	EndGlobalSection
	GlobalSection(ProjectConfigurationPlatforms) = postSolution
		{367CA894-0305-4E0E-BE04-A51A4EEE6190}.Debug|Any CPU.ActiveCfg = Debug|Any CPU
		{367CA894-0305-4E0E-BE04-A51A4EEE6190}.Debug|Any CPU.Build.0 = Debug|Any CPU
		{367CA894-0305-4E0E-BE04-A51A4EEE6190}.Release|Any CPU.ActiveCfg = Release|Any CPU
		{367CA894-0305-4E0E-BE04-A51A4EEE6190}.Release|Any CPU.Build.0 = Release|Any CPU
	EndGlobalSection
	GlobalSection(SolutionProperties) = preSolution
		HideSolutionNode = FALSE
	EndGlobalSection
	GlobalSection(ExtensibilityGlobals) = postSolution
		SolutionGuid = {3882F8CD-C9C9-46F6-829F-081DE9104016}
	EndGlobalSection
EndGlobal
