
Microsoft Visual Studio Solution File, Format Version 12.00
# Visual Studio Version 17
VisualStudioVersion = 17.5.33502.453
MinimumVisualStudioVersion = 10.0.40219.1
Project("{FAE04EC0-301F-11D3-BF4B-00C04F79EFBC}") = "mvchelperex2", "mvchelperex2\mvchelperex2.csproj", "{0058814E-E540-4E57-9466-AA0FD4137CCC}"
EndProject
Global
	GlobalSection(SolutionConfigurationPlatforms) = preSolution
		Debug|Any CPU = Debug|Any CPU
		Release|Any CPU = Release|Any CPU
	EndGlobalSection
	GlobalSection(ProjectConfigurationPlatforms) = postSolution
		{0058814E-E540-4E57-9466-AA0FD4137CCC}.Debug|Any CPU.ActiveCfg = Debug|Any CPU
		{0058814E-E540-4E57-9466-AA0FD4137CCC}.Debug|Any CPU.Build.0 = Debug|Any CPU
		{0058814E-E540-4E57-9466-AA0FD4137CCC}.Release|Any CPU.ActiveCfg = Release|Any CPU
		{0058814E-E540-4E57-9466-AA0FD4137CCC}.Release|Any CPU.Build.0 = Release|Any CPU
	EndGlobalSection
	GlobalSection(SolutionProperties) = preSolution
		HideSolutionNode = FALSE
	EndGlobalSection
	GlobalSection(ExtensibilityGlobals) = postSolution
		SolutionGuid = {3AECC27D-BF6C-4B5A-BDED-3B9BEC9BD8A2}
	EndGlobalSection
EndGlobal
