
Microsoft Visual Studio Solution File, Format Version 12.00
# Visual Studio Version 17
VisualStudioVersion = 17.5.33502.453
MinimumVisualStudioVersion = 10.0.40219.1
Project("{FAE04EC0-301F-11D3-BF4B-00C04F79EFBC}") = "mvcex3", "mvcex3\mvcex3.csproj", "{0BB8D714-7239-46B4-B877-C2F267C195FF}"
EndProject
Global
	GlobalSection(SolutionConfigurationPlatforms) = preSolution
		Debug|Any CPU = Debug|Any CPU
		Release|Any CPU = Release|Any CPU
	EndGlobalSection
	GlobalSection(ProjectConfigurationPlatforms) = postSolution
		{0BB8D714-7239-46B4-B877-C2F267C195FF}.Debug|Any CPU.ActiveCfg = Debug|Any CPU
		{0BB8D714-7239-46B4-B877-C2F267C195FF}.Debug|Any CPU.Build.0 = Debug|Any CPU
		{0BB8D714-7239-46B4-B877-C2F267C195FF}.Release|Any CPU.ActiveCfg = Release|Any CPU
		{0BB8D714-7239-46B4-B877-C2F267C195FF}.Release|Any CPU.Build.0 = Release|Any CPU
	EndGlobalSection
	GlobalSection(SolutionProperties) = preSolution
		HideSolutionNode = FALSE
	EndGlobalSection
	GlobalSection(ExtensibilityGlobals) = postSolution
		SolutionGuid = {F6C47944-6CE4-454C-962C-CB3561109454}
	EndGlobalSection
EndGlobal
