
Microsoft Visual Studio Solution File, Format Version 12.00
# Visual Studio Version 17
VisualStudioVersion = 17.5.33502.453
MinimumVisualStudioVersion = 10.0.40219.1
Project("{FAE04EC0-301F-11D3-BF4B-00C04F79EFBC}") = "MVCStudentproject", "MVCStudentproject\MVCStudentproject.csproj", "{12C15135-762A-40FB-9484-4EB5864B6176}"
EndProject
Global
	GlobalSection(SolutionConfigurationPlatforms) = preSolution
		Debug|Any CPU = Debug|Any CPU
		Release|Any CPU = Release|Any CPU
	EndGlobalSection
	GlobalSection(ProjectConfigurationPlatforms) = postSolution
		{12C15135-762A-40FB-9484-4EB5864B6176}.Debug|Any CPU.ActiveCfg = Debug|Any CPU
		{12C15135-762A-40FB-9484-4EB5864B6176}.Debug|Any CPU.Build.0 = Debug|Any CPU
		{12C15135-762A-40FB-9484-4EB5864B6176}.Release|Any CPU.ActiveCfg = Release|Any CPU
		{12C15135-762A-40FB-9484-4EB5864B6176}.Release|Any CPU.Build.0 = Release|Any CPU
	EndGlobalSection
	GlobalSection(SolutionProperties) = preSolution
		HideSolutionNode = FALSE
	EndGlobalSection
	GlobalSection(ExtensibilityGlobals) = postSolution
		SolutionGuid = {944E4702-2CF9-41D2-B6B8-23E18C22C8D7}
	EndGlobalSection
EndGlobal
