
Microsoft Visual Studio Solution File, Format Version 12.00
# Visual Studio Version 17
VisualStudioVersion = 17.5.33502.453
MinimumVisualStudioVersion = 10.0.40219.1
Project("{FAE04EC0-301F-11D3-BF4B-00C04F79EFBC}") = "methodoverriding", "methodoverriding\methodoverriding.csproj", "{7613AD41-C9C9-42A8-BB08-B066857CDAE6}"
EndProject
Global
	GlobalSection(SolutionConfigurationPlatforms) = preSolution
		Debug|Any CPU = Debug|Any CPU
		Release|Any CPU = Release|Any CPU
	EndGlobalSection
	GlobalSection(ProjectConfigurationPlatforms) = postSolution
		{7613AD41-C9C9-42A8-BB08-B066857CDAE6}.Debug|Any CPU.ActiveCfg = Debug|Any CPU
		{7613AD41-C9C9-42A8-BB08-B066857CDAE6}.Debug|Any CPU.Build.0 = Debug|Any CPU
		{7613AD41-C9C9-42A8-BB08-B066857CDAE6}.Release|Any CPU.ActiveCfg = Release|Any CPU
		{7613AD41-C9C9-42A8-BB08-B066857CDAE6}.Release|Any CPU.Build.0 = Release|Any CPU
	EndGlobalSection
	GlobalSection(SolutionProperties) = preSolution
		HideSolutionNode = FALSE
	EndGlobalSection
	GlobalSection(ExtensibilityGlobals) = postSolution
		SolutionGuid = {1F4148AC-78CC-440D-907A-B1F43F802D1F}
	EndGlobalSection
EndGlobal
