
Microsoft Visual Studio Solution File, Format Version 12.00
# Visual Studio Version 17
VisualStudioVersion = 17.5.33502.453
MinimumVisualStudioVersion = 10.0.40219.1
Project("{FAE04EC0-301F-11D3-BF4B-00C04F79EFBC}") = "polymorphism2", "polymorphism2\polymorphism2.csproj", "{E81E3257-9E09-4D1E-BE07-09AF7D0E2E66}"
EndProject
Global
	GlobalSection(SolutionConfigurationPlatforms) = preSolution
		Debug|Any CPU = Debug|Any CPU
		Release|Any CPU = Release|Any CPU
	EndGlobalSection
	GlobalSection(ProjectConfigurationPlatforms) = postSolution
		{E81E3257-9E09-4D1E-BE07-09AF7D0E2E66}.Debug|Any CPU.ActiveCfg = Debug|Any CPU
		{E81E3257-9E09-4D1E-BE07-09AF7D0E2E66}.Debug|Any CPU.Build.0 = Debug|Any CPU
		{E81E3257-9E09-4D1E-BE07-09AF7D0E2E66}.Release|Any CPU.ActiveCfg = Release|Any CPU
		{E81E3257-9E09-4D1E-BE07-09AF7D0E2E66}.Release|Any CPU.Build.0 = Release|Any CPU
	EndGlobalSection
	GlobalSection(SolutionProperties) = preSolution
		HideSolutionNode = FALSE
	EndGlobalSection
	GlobalSection(ExtensibilityGlobals) = postSolution
		SolutionGuid = {45681738-B3E8-4B9F-A053-F76703C7F4DB}
	EndGlobalSection
EndGlobal
