
Microsoft Visual Studio Solution File, Format Version 12.00
# Visual Studio Version 17
VisualStudioVersion = 17.5.33502.453
MinimumVisualStudioVersion = 10.0.40219.1
Project("{FAE04EC0-301F-11D3-BF4B-00C04F79EFBC}") = "Compare", "Compare\Compare.csproj", "{20FDC248-96EC-41B1-9788-2793DBC69530}"
EndProject
Global
	GlobalSection(SolutionConfigurationPlatforms) = preSolution
		Debug|Any CPU = Debug|Any CPU
		Release|Any CPU = Release|Any CPU
	EndGlobalSection
	GlobalSection(ProjectConfigurationPlatforms) = postSolution
		{20FDC248-96EC-41B1-9788-2793DBC69530}.Debug|Any CPU.ActiveCfg = Debug|Any CPU
		{20FDC248-96EC-41B1-9788-2793DBC69530}.Debug|Any CPU.Build.0 = Debug|Any CPU
		{20FDC248-96EC-41B1-9788-2793DBC69530}.Release|Any CPU.ActiveCfg = Release|Any CPU
		{20FDC248-96EC-41B1-9788-2793DBC69530}.Release|Any CPU.Build.0 = Release|Any CPU
	EndGlobalSection
	GlobalSection(SolutionProperties) = preSolution
		HideSolutionNode = FALSE
	EndGlobalSection
	GlobalSection(ExtensibilityGlobals) = postSolution
		SolutionGuid = {12E71162-E69F-4B18-92B8-FACDC8543AC7}
	EndGlobalSection
EndGlobal
