
Microsoft Visual Studio Solution File, Format Version 12.00
# Visual Studio Version 17
VisualStudioVersion = 17.5.33502.453
MinimumVisualStudioVersion = 10.0.40219.1
Project("{FAE04EC0-301F-11D3-BF4B-00C04F79EFBC}") = "polymorphismemp", "polymorphismemp\polymorphismemp.csproj", "{105752D6-5CAC-4C0F-9999-D31004E71B02}"
EndProject
Global
	GlobalSection(SolutionConfigurationPlatforms) = preSolution
		Debug|Any CPU = Debug|Any CPU
		Release|Any CPU = Release|Any CPU
	EndGlobalSection
	GlobalSection(ProjectConfigurationPlatforms) = postSolution
		{105752D6-5CAC-4C0F-9999-D31004E71B02}.Debug|Any CPU.ActiveCfg = Debug|Any CPU
		{105752D6-5CAC-4C0F-9999-D31004E71B02}.Debug|Any CPU.Build.0 = Debug|Any CPU
		{105752D6-5CAC-4C0F-9999-D31004E71B02}.Release|Any CPU.ActiveCfg = Release|Any CPU
		{105752D6-5CAC-4C0F-9999-D31004E71B02}.Release|Any CPU.Build.0 = Release|Any CPU
	EndGlobalSection
	GlobalSection(SolutionProperties) = preSolution
		HideSolutionNode = FALSE
	EndGlobalSection
	GlobalSection(ExtensibilityGlobals) = postSolution
		SolutionGuid = {45193517-0981-48A2-83C6-F56EAAB71243}
	EndGlobalSection
EndGlobal
