
Microsoft Visual Studio Solution File, Format Version 12.00
# Visual Studio Version 17
VisualStudioVersion = 17.5.33502.453
MinimumVisualStudioVersion = 10.0.40219.1
Project("{FAE04EC0-301F-11D3-BF4B-00C04F79EFBC}") = "sealedclass", "sealedclass\sealedclass.csproj", "{56F34968-885B-40BC-8384-509C0227A310}"
EndProject
Global
	GlobalSection(SolutionConfigurationPlatforms) = preSolution
		Debug|Any CPU = Debug|Any CPU
		Release|Any CPU = Release|Any CPU
	EndGlobalSection
	GlobalSection(ProjectConfigurationPlatforms) = postSolution
		{56F34968-885B-40BC-8384-509C0227A310}.Debug|Any CPU.ActiveCfg = Debug|Any CPU
		{56F34968-885B-40BC-8384-509C0227A310}.Debug|Any CPU.Build.0 = Debug|Any CPU
		{56F34968-885B-40BC-8384-509C0227A310}.Release|Any CPU.ActiveCfg = Release|Any CPU
		{56F34968-885B-40BC-8384-509C0227A310}.Release|Any CPU.Build.0 = Release|Any CPU
	EndGlobalSection
	GlobalSection(SolutionProperties) = preSolution
		HideSolutionNode = FALSE
	EndGlobalSection
	GlobalSection(ExtensibilityGlobals) = postSolution
		SolutionGuid = {1F6EF63C-3842-4E64-89E2-63E40EA7D65C}
	EndGlobalSection
EndGlobal
