
Microsoft Visual Studio Solution File, Format Version 12.00
# Visual Studio Version 17
VisualStudioVersion = 17.5.33502.453
MinimumVisualStudioVersion = 10.0.40219.1
Project("{FAE04EC0-301F-11D3-BF4B-00C04F79EFBC}") = "recursionoddevanno", "recursionoddevanno.\recursionoddevanno.csproj", "{DA4D778D-796A-40C9-B3C2-2C8B011ABC42}"
EndProject
Global
	GlobalSection(SolutionConfigurationPlatforms) = preSolution
		Debug|Any CPU = Debug|Any CPU
		Release|Any CPU = Release|Any CPU
	EndGlobalSection
	GlobalSection(ProjectConfigurationPlatforms) = postSolution
		{DA4D778D-796A-40C9-B3C2-2C8B011ABC42}.Debug|Any CPU.ActiveCfg = Debug|Any CPU
		{DA4D778D-796A-40C9-B3C2-2C8B011ABC42}.Debug|Any CPU.Build.0 = Debug|Any CPU
		{DA4D778D-796A-40C9-B3C2-2C8B011ABC42}.Release|Any CPU.ActiveCfg = Release|Any CPU
		{DA4D778D-796A-40C9-B3C2-2C8B011ABC42}.Release|Any CPU.Build.0 = Release|Any CPU
	EndGlobalSection
	GlobalSection(SolutionProperties) = preSolution
		HideSolutionNode = FALSE
	EndGlobalSection
	GlobalSection(ExtensibilityGlobals) = postSolution
		SolutionGuid = {715404E1-4AE2-4F54-AA54-F99542822B75}
	EndGlobalSection
EndGlobal
