
Microsoft Visual Studio Solution File, Format Version 12.00
# Visual Studio Version 17
VisualStudioVersion = 17.5.33502.453
MinimumVisualStudioVersion = 10.0.40219.1
Project("{FAE04EC0-301F-11D3-BF4B-00C04F79EFBC}") = "getlength", "getlength\getlength.csproj", "{59C83F6A-AF49-434C-879F-F5539BEAA94F}"
EndProject
Global
	GlobalSection(SolutionConfigurationPlatforms) = preSolution
		Debug|Any CPU = Debug|Any CPU
		Release|Any CPU = Release|Any CPU
	EndGlobalSection
	GlobalSection(ProjectConfigurationPlatforms) = postSolution
		{59C83F6A-AF49-434C-879F-F5539BEAA94F}.Debug|Any CPU.ActiveCfg = Debug|Any CPU
		{59C83F6A-AF49-434C-879F-F5539BEAA94F}.Debug|Any CPU.Build.0 = Debug|Any CPU
		{59C83F6A-AF49-434C-879F-F5539BEAA94F}.Release|Any CPU.ActiveCfg = Release|Any CPU
		{59C83F6A-AF49-434C-879F-F5539BEAA94F}.Release|Any CPU.Build.0 = Release|Any CPU
	EndGlobalSection
	GlobalSection(SolutionProperties) = preSolution
		HideSolutionNode = FALSE
	EndGlobalSection
	GlobalSection(ExtensibilityGlobals) = postSolution
		SolutionGuid = {2961BA90-9223-437C-B952-9DA8A258F87D}
	EndGlobalSection
EndGlobal
